# This is a Gradle generated file for dependency locking.
# Manual edits can break the build and are not advised.
# This file is expected to be part of source control.
androidx.activity:activity-compose:1.13.0=releaseRuntimeClasspath
androidx.activity:activity-ktx:1.13.0=releaseRuntimeClasspath
androidx.activity:activity:1.13.0=releaseRuntimeClasspath
androidx.annotation:annotation-experimental:1.4.1=releaseRuntimeClasspath
androidx.annotation:annotation-jvm:1.10.0=releaseRuntimeClasspath
androidx.annotation:annotation:1.10.0=releaseRuntimeClasspath
androidx.appcompat:appcompat-resources:1.7.1=releaseRuntimeClasspath
androidx.appcompat:appcompat:1.7.1=releaseRuntimeClasspath
androidx.arch.core:core-common:2.2.0=releaseRuntimeClasspath
androidx.arch.core:core-runtime:2.2.0=releaseRuntimeClasspath
androidx.asynclayoutinflater:asynclayoutinflater:1.0.0=releaseRuntimeClasspath
androidx.autofill:autofill:1.3.0=releaseRuntimeClasspath
androidx.biometric:biometric:1.2.0-alpha04=releaseRuntimeClasspath
androidx.browser:browser:1.10.0=releaseRuntimeClasspath
androidx.camera.featurecombinationquery:featurecombinationquery:1.6.0=releaseRuntimeClasspath
androidx.camera.viewfinder:viewfinder-core:1.5.1=releaseRuntimeClasspath
androidx.camera:camera-camera2-pipe:1.6.0=releaseRuntimeClasspath
androidx.camera:camera-camera2:1.6.0=releaseRuntimeClasspath
androidx.camera:camera-core:1.6.0=releaseRuntimeClasspath
androidx.camera:camera-extensions:1.6.0=releaseRuntimeClasspath
androidx.camera:camera-lifecycle:1.6.0=releaseRuntimeClasspath
androidx.camera:camera-mlkit-vision:1.6.0=releaseRuntimeClasspath
androidx.camera:camera-video:1.6.0=releaseRuntimeClasspath
androidx.camera:camera-view:1.6.0=releaseRuntimeClasspath
androidx.cardview:cardview:1.0.0=releaseRuntimeClasspath
androidx.collection:collection-jvm:1.5.0=releaseRuntimeClasspath
androidx.collection:collection-ktx:1.5.0=releaseRuntimeClasspath
androidx.collection:collection:1.5.0=releaseRuntimeClasspath
androidx.compose.animation:animation-android:1.11.3=releaseRuntimeClasspath
androidx.compose.animation:animation-core-android:1.11.3=releaseRuntimeClasspath
androidx.compose.animation:animation-core:1.11.3=releaseRuntimeClasspath
androidx.compose.animation:animation:1.11.3=releaseRuntimeClasspath
androidx.compose.foundation:foundation-android:1.11.3=releaseRuntimeClasspath
androidx.compose.foundation:foundation-layout-android:1.11.3=releaseRuntimeClasspath
androidx.compose.foundation:foundation-layout:1.11.3=releaseRuntimeClasspath
androidx.compose.foundation:foundation:1.11.3=releaseRuntimeClasspath
androidx.compose.material3:material3-android:1.5.0-alpha17=releaseRuntimeClasspath
androidx.compose.material3:material3:1.5.0-alpha17=releaseRuntimeClasspath
androidx.compose.material:material-icons-core-android:1.7.8=releaseRuntimeClasspath
androidx.compose.material:material-icons-core:1.7.8=releaseRuntimeClasspath
androidx.compose.material:material-ripple-android:1.11.3=releaseRuntimeClasspath
androidx.compose.material:material-ripple:1.11.3=releaseRuntimeClasspath
androidx.compose.runtime:runtime-android:1.11.4=releaseRuntimeClasspath
androidx.compose.runtime:runtime-annotation-android:1.11.4=releaseRuntimeClasspath
androidx.compose.runtime:runtime-annotation:1.11.4=releaseRuntimeClasspath
androidx.compose.runtime:runtime-retain-android:1.11.4=releaseRuntimeClasspath
androidx.compose.runtime:runtime-retain:1.11.4=releaseRuntimeClasspath
androidx.compose.runtime:runtime-saveable-android:1.11.4=releaseRuntimeClasspath
androidx.compose.runtime:runtime-saveable:1.11.4=releaseRuntimeClasspath
androidx.compose.runtime:runtime:1.11.4=releaseRuntimeClasspath
androidx.compose.ui:ui-android:1.11.4=releaseRuntimeClasspath
androidx.compose.ui:ui-geometry-android:1.11.4=releaseRuntimeClasspath
androidx.compose.ui:ui-geometry:1.11.4=releaseRuntimeClasspath
androidx.compose.ui:ui-graphics-android:1.11.4=releaseRuntimeClasspath
androidx.compose.ui:ui-graphics:1.11.4=releaseRuntimeClasspath
androidx.compose.ui:ui-text-android:1.11.4=releaseRuntimeClasspath
androidx.compose.ui:ui-text:1.11.4=releaseRuntimeClasspath
androidx.compose.ui:ui-tooling-android:1.11.4=releaseRuntimeClasspath
androidx.compose.ui:ui-tooling-data-android:1.11.4=releaseRuntimeClasspath
androidx.compose.ui:ui-tooling-data:1.11.4=releaseRuntimeClasspath
androidx.compose.ui:ui-tooling-preview-android:1.11.4=releaseRuntimeClasspath
androidx.compose.ui:ui-tooling-preview:1.11.4=releaseRuntimeClasspath
androidx.compose.ui:ui-tooling:1.11.4=releaseRuntimeClasspath
androidx.compose.ui:ui-unit-android:1.11.4=releaseRuntimeClasspath
androidx.compose.ui:ui-unit:1.11.4=releaseRuntimeClasspath
androidx.compose.ui:ui-util-android:1.11.4=releaseRuntimeClasspath
androidx.compose.ui:ui-util:1.11.4=releaseRuntimeClasspath
androidx.compose.ui:ui:1.11.4=releaseRuntimeClasspath
androidx.compose:compose-bom:2026.06.00=releaseRuntimeClasspath
androidx.concurrent:concurrent-futures-ktx:1.2.0=releaseRuntimeClasspath
androidx.concurrent:concurrent-futures:1.2.0=releaseRuntimeClasspath
androidx.constraintlayout:constraintlayout-core:1.0.0=releaseRuntimeClasspath
androidx.constraintlayout:constraintlayout:2.1.0=releaseRuntimeClasspath
androidx.coordinatorlayout:coordinatorlayout:1.2.0=releaseRuntimeClasspath
androidx.core:core-backported-fixes:1.0.0=releaseRuntimeClasspath
androidx.core:core-ktx:1.18.0=releaseRuntimeClasspath
androidx.core:core-splashscreen:1.2.0=releaseRuntimeClasspath
androidx.core:core-viewtree:1.0.0=releaseRuntimeClasspath
androidx.core:core:1.18.0=releaseRuntimeClasspath
androidx.credentials:credentials-play-services-auth:1.6.0=releaseRuntimeClasspath
androidx.credentials:credentials:1.6.0=releaseRuntimeClasspath
androidx.cursoradapter:cursoradapter:1.0.0=releaseRuntimeClasspath
androidx.customview:customview-poolingcontainer:1.0.0=releaseRuntimeClasspath
androidx.customview:customview:1.1.0=releaseRuntimeClasspath
androidx.databinding:viewbinding:8.12.0=releaseRuntimeClasspath
androidx.datastore:datastore-android:1.1.7=releaseRuntimeClasspath
androidx.datastore:datastore-core-android:1.1.7=releaseRuntimeClasspath
androidx.datastore:datastore-core-okio-jvm:1.1.7=releaseRuntimeClasspath
androidx.datastore:datastore-core-okio:1.1.7=releaseRuntimeClasspath
androidx.datastore:datastore-core:1.1.7=releaseRuntimeClasspath
androidx.datastore:datastore-preferences-android:1.1.7=releaseRuntimeClasspath
androidx.datastore:datastore-preferences-core-android:1.1.7=releaseRuntimeClasspath
androidx.datastore:datastore-preferences-core:1.1.7=releaseRuntimeClasspath
androidx.datastore:datastore-preferences-external-protobuf:1.1.7=releaseRuntimeClasspath
androidx.datastore:datastore-preferences-proto:1.1.7=releaseRuntimeClasspath
androidx.datastore:datastore-preferences:1.1.7=releaseRuntimeClasspath
androidx.datastore:datastore:1.1.7=releaseRuntimeClasspath
androidx.documentfile:documentfile:1.1.0=releaseRuntimeClasspath
androidx.drawerlayout:drawerlayout:1.1.1=releaseRuntimeClasspath
androidx.dynamicanimation:dynamicanimation:1.1.0=releaseRuntimeClasspath
androidx.emoji2:emoji2-views-helper:1.4.0=releaseRuntimeClasspath
androidx.emoji2:emoji2:1.4.0=releaseRuntimeClasspath
androidx.exifinterface:exifinterface:1.4.2=releaseRuntimeClasspath
androidx.fragment:fragment-ktx:1.8.9=releaseRuntimeClasspath
androidx.fragment:fragment:1.8.9=releaseRuntimeClasspath
androidx.graphics:graphics-path:1.0.1=releaseRuntimeClasspath
androidx.graphics:graphics-shapes-android:1.1.0=releaseRuntimeClasspath
androidx.graphics:graphics-shapes:1.1.0=releaseRuntimeClasspath
androidx.interpolator:interpolator:1.0.0=releaseRuntimeClasspath
androidx.legacy:legacy-support-core-ui:1.0.0=releaseRuntimeClasspath
androidx.legacy:legacy-support-core-utils:1.0.0=releaseRuntimeClasspath
androidx.legacy:legacy-support-v4:1.0.0=releaseRuntimeClasspath
androidx.lifecycle:lifecycle-common-java8:2.10.0=releaseRuntimeClasspath
androidx.lifecycle:lifecycle-common-jvm:2.10.0=releaseRuntimeClasspath
androidx.lifecycle:lifecycle-common:2.10.0=releaseRuntimeClasspath
androidx.lifecycle:lifecycle-livedata-core-ktx:2.10.0=releaseRuntimeClasspath
androidx.lifecycle:lifecycle-livedata-core:2.10.0=releaseRuntimeClasspath
androidx.lifecycle:lifecycle-livedata:2.10.0=releaseRuntimeClasspath
androidx.lifecycle:lifecycle-process:2.10.0=releaseRuntimeClasspath
androidx.lifecycle:lifecycle-runtime-android:2.10.0=releaseRuntimeClasspath
androidx.lifecycle:lifecycle-runtime-compose-android:2.10.0=releaseRuntimeClasspath
androidx.lifecycle:lifecycle-runtime-compose:2.10.0=releaseRuntimeClasspath
androidx.lifecycle:lifecycle-runtime-ktx-android:2.10.0=releaseRuntimeClasspath
androidx.lifecycle:lifecycle-runtime-ktx:2.10.0=releaseRuntimeClasspath
androidx.lifecycle:lifecycle-runtime:2.10.0=releaseRuntimeClasspath
androidx.lifecycle:lifecycle-viewmodel-android:2.10.0=releaseRuntimeClasspath
androidx.lifecycle:lifecycle-viewmodel-compose-android:2.10.0=releaseRuntimeClasspath
androidx.lifecycle:lifecycle-viewmodel-compose:2.10.0=releaseRuntimeClasspath
androidx.lifecycle:lifecycle-viewmodel-ktx:2.10.0=releaseRuntimeClasspath
androidx.lifecycle:lifecycle-viewmodel-savedstate-android:2.10.0=releaseRuntimeClasspath
androidx.lifecycle:lifecycle-viewmodel-savedstate:2.10.0=releaseRuntimeClasspath
androidx.lifecycle:lifecycle-viewmodel:2.10.0=releaseRuntimeClasspath
androidx.loader:loader:1.1.0=releaseRuntimeClasspath
androidx.localbroadcastmanager:localbroadcastmanager:1.0.0=releaseRuntimeClasspath
androidx.media3:media3-common:1.9.0=releaseRuntimeClasspath
androidx.media3:media3-container:1.9.0=releaseRuntimeClasspath
androidx.media3:media3-muxer:1.9.0=releaseRuntimeClasspath
androidx.media:media:1.0.0=releaseRuntimeClasspath
androidx.navigation3:navigation3-runtime-android:1.1.4=releaseRuntimeClasspath
androidx.navigation3:navigation3-runtime:1.1.4=releaseRuntimeClasspath
androidx.navigation3:navigation3-ui-android:1.1.4=releaseRuntimeClasspath
androidx.navigation3:navigation3-ui:1.1.4=releaseRuntimeClasspath
androidx.navigationevent:navigationevent-android:1.1.2=releaseRuntimeClasspath
androidx.navigationevent:navigationevent-compose-android:1.1.2=releaseRuntimeClasspath
androidx.navigationevent:navigationevent-compose:1.1.2=releaseRuntimeClasspath
androidx.navigationevent:navigationevent:1.1.2=releaseRuntimeClasspath
androidx.print:print:1.0.0=releaseRuntimeClasspath
androidx.profileinstaller:profileinstaller:1.4.1=releaseRuntimeClasspath
androidx.recyclerview:recyclerview:1.2.1=releaseRuntimeClasspath
androidx.resourceinspection:resourceinspection-annotation:1.0.1=releaseRuntimeClasspath
androidx.room:room-common:2.6.1=releaseRuntimeClasspath
androidx.room:room-ktx:2.6.1=releaseRuntimeClasspath
androidx.room:room-runtime:2.6.1=releaseRuntimeClasspath
androidx.savedstate:savedstate-android:1.4.0=releaseRuntimeClasspath
androidx.savedstate:savedstate-compose-android:1.4.0=releaseRuntimeClasspath
androidx.savedstate:savedstate-compose:1.4.0=releaseRuntimeClasspath
androidx.savedstate:savedstate-ktx:1.4.0=releaseRuntimeClasspath
androidx.savedstate:savedstate:1.4.0=releaseRuntimeClasspath
androidx.slidingpanelayout:slidingpanelayout:1.0.0=releaseRuntimeClasspath
androidx.sqlite:sqlite-framework:2.4.0=releaseRuntimeClasspath
androidx.sqlite:sqlite:2.4.0=releaseRuntimeClasspath
androidx.startup:startup-runtime:1.1.1=releaseRuntimeClasspath
androidx.swiperefreshlayout:swiperefreshlayout:1.1.0=releaseRuntimeClasspath
androidx.test:core-ktx:1.7.0=releaseRuntimeClasspath
androidx.test:core:1.7.0=releaseRuntimeClasspath
androidx.test:monitor:1.8.0=releaseRuntimeClasspath
androidx.tracing:tracing-android:1.3.0=releaseRuntimeClasspath
androidx.tracing:tracing-ktx:1.3.0=releaseRuntimeClasspath
androidx.tracing:tracing:1.3.0=releaseRuntimeClasspath
androidx.transition:transition-ktx:1.7.0=releaseRuntimeClasspath
androidx.transition:transition:1.7.0=releaseRuntimeClasspath
androidx.vectordrawable:vectordrawable-animated:1.1.0=releaseRuntimeClasspath
androidx.vectordrawable:vectordrawable:1.1.0=releaseRuntimeClasspath
androidx.versionedparcelable:versionedparcelable:1.1.1=releaseRuntimeClasspath
androidx.viewpager2:viewpager2:1.0.0=releaseRuntimeClasspath
androidx.viewpager:viewpager:1.0.0=releaseRuntimeClasspath
androidx.webkit:webkit:1.14.0=releaseRuntimeClasspath
androidx.window:window-core-android:1.5.1=releaseRuntimeClasspath
androidx.window:window-core:1.5.1=releaseRuntimeClasspath
androidx.window:window:1.5.1=releaseRuntimeClasspath
com.android.installreferrer:installreferrer:2.2=releaseRuntimeClasspath
com.auth0.android:jwtdecode:2.0.2=releaseRuntimeClasspath
com.caverock:androidsvg-aar:1.4=releaseRuntimeClasspath
com.clerk:automap-annotations:0.1.3=releaseRuntimeClasspath
com.clerk:clerk-android-api:1.0.35=releaseRuntimeClasspath
com.clerk:clerk-android-telemetry-android:1.0.6=releaseRuntimeClasspath
com.clerk:clerk-android-telemetry:1.0.6=releaseRuntimeClasspath
com.clerk:clerk-android-ui:1.0.35=releaseRuntimeClasspath
com.facebook.device.yearclass:yearclass:2.1.0=releaseRuntimeClasspath
com.facebook.fbjni:fbjni:0.7.0=releaseRuntimeClasspath
com.facebook.fresco:animated-base:3.6.0=releaseRuntimeClasspath
com.facebook.fresco:animated-drawable:3.6.0=releaseRuntimeClasspath
com.facebook.fresco:animated-gif:3.6.0=releaseRuntimeClasspath
com.facebook.fresco:drawee:3.6.0=releaseRuntimeClasspath
com.facebook.fresco:fbcore:3.6.0=releaseRuntimeClasspath
com.facebook.fresco:fresco:3.6.0=releaseRuntimeClasspath
com.facebook.fresco:imagepipeline-base:3.6.0=releaseRuntimeClasspath
com.facebook.fresco:imagepipeline-native:3.6.0=releaseRuntimeClasspath
com.facebook.fresco:imagepipeline-okhttp3:3.6.0=releaseRuntimeClasspath
com.facebook.fresco:imagepipeline:3.6.0=releaseRuntimeClasspath
com.facebook.fresco:memory-type-ashmem:3.6.0=releaseRuntimeClasspath
com.facebook.fresco:memory-type-java:3.6.0=releaseRuntimeClasspath
com.facebook.fresco:memory-type-native:3.6.0=releaseRuntimeClasspath
com.facebook.fresco:middleware:3.6.0=releaseRuntimeClasspath
com.facebook.fresco:nativeimagefilters:3.6.0=releaseRuntimeClasspath
com.facebook.fresco:nativeimagetranscoder:3.6.0=releaseRuntimeClasspath
com.facebook.fresco:soloader:3.6.0=releaseRuntimeClasspath
com.facebook.fresco:ui-common:3.6.0=releaseRuntimeClasspath
com.facebook.fresco:ui-core:3.6.0=releaseRuntimeClasspath
com.facebook.fresco:urimod:3.6.0=releaseRuntimeClasspath
com.facebook.fresco:vito-options:3.6.0=releaseRuntimeClasspath
com.facebook.fresco:vito-renderer:3.6.0=releaseRuntimeClasspath
com.facebook.fresco:vito-source:3.6.0=releaseRuntimeClasspath
com.facebook.fresco:webpsupport:3.6.0=releaseRuntimeClasspath
com.facebook.hermes:hermes-android:250829098.0.14=releaseRuntimeClasspath
com.facebook.infer.annotation:infer-annotation:0.18.0=releaseRuntimeClasspath
com.facebook.react:react-android:0.86.0=releaseRuntimeClasspath
com.facebook.soloader:annotation:0.12.1=releaseRuntimeClasspath
com.facebook.soloader:nativeloader:0.12.1=releaseRuntimeClasspath
com.facebook.soloader:soloader:0.12.1=releaseRuntimeClasspath
com.facebook.yoga:proguard-annotations:1.19.0=releaseRuntimeClasspath
com.github.ajalt.colormath:colormath-jvm:3.6.1=releaseRuntimeClasspath
com.github.ajalt.colormath:colormath:3.6.1=releaseRuntimeClasspath
com.github.bumptech.glide:annotations:5.0.5=releaseRuntimeClasspath
com.github.bumptech.glide:avif-integration:5.0.5=releaseRuntimeClasspath
com.github.bumptech.glide:disklrucache:5.0.5=releaseRuntimeClasspath
com.github.bumptech.glide:gifdecoder:5.0.5=releaseRuntimeClasspath
com.github.bumptech.glide:glide:5.0.5=releaseRuntimeClasspath
com.github.bumptech.glide:okhttp3-integration:5.0.5=releaseRuntimeClasspath
com.github.penfeizhou.android.animation:apng:3.0.5=releaseRuntimeClasspath
com.github.penfeizhou.android.animation:avif:3.0.5=releaseRuntimeClasspath
com.github.penfeizhou.android.animation:awebp:3.0.5=releaseRuntimeClasspath
com.github.penfeizhou.android.animation:frameanimation:3.0.5=releaseRuntimeClasspath
com.github.penfeizhou.android.animation:gif:3.0.5=releaseRuntimeClasspath
com.github.penfeizhou.android.animation:glide-plugin:3.0.5=releaseRuntimeClasspath
com.google.accompanist:accompanist-drawablepainter:0.37.3=releaseRuntimeClasspath
com.google.android.datatransport:transport-api:3.1.0=releaseRuntimeClasspath
com.google.android.datatransport:transport-backend-cct:3.1.9=releaseRuntimeClasspath
com.google.android.datatransport:transport-runtime:3.1.9=releaseRuntimeClasspath
com.google.android.gms:play-services-auth-api-phone:18.0.2=releaseRuntimeClasspath
com.google.android.gms:play-services-auth-base:18.0.10=releaseRuntimeClasspath
com.google.android.gms:play-services-auth-blockstore:16.4.0=releaseRuntimeClasspath
com.google.android.gms:play-services-auth:21.1.1=releaseRuntimeClasspath
com.google.android.gms:play-services-base:18.5.0=releaseRuntimeClasspath
com.google.android.gms:play-services-basement:18.10.0=releaseRuntimeClasspath
com.google.android.gms:play-services-cloud-messaging:17.2.0=releaseRuntimeClasspath
com.google.android.gms:play-services-code-scanner:16.1.0=releaseRuntimeClasspath
com.google.android.gms:play-services-fido:21.0.0=releaseRuntimeClasspath
com.google.android.gms:play-services-identity-credentials:16.0.0-alpha08=releaseRuntimeClasspath
com.google.android.gms:play-services-location:21.0.1=releaseRuntimeClasspath
com.google.android.gms:play-services-mlkit-barcode-scanning:18.3.1=releaseRuntimeClasspath
com.google.android.gms:play-services-stats:17.0.2=releaseRuntimeClasspath
com.google.android.gms:play-services-tasks:18.2.1=releaseRuntimeClasspath
com.google.android.libraries.identity.googleid:googleid:1.2.0=releaseRuntimeClasspath
com.google.android.material:material:1.13.0=releaseRuntimeClasspath
com.google.android.odml:image:1.0.0-beta1=releaseRuntimeClasspath
com.google.android.play:core-common:2.0.4=releaseRuntimeClasspath
com.google.android.play:integrity:1.6.0=releaseRuntimeClasspath
com.google.auto.value:auto-value-annotations:1.6.3=releaseRuntimeClasspath
com.google.code.findbugs:jsr305:3.0.2=releaseRuntimeClasspath
com.google.code.gson:gson:2.8.9=releaseRuntimeClasspath
com.google.dagger:dagger:2.59=releaseRuntimeClasspath
com.google.devtools.ksp:symbol-processing-api:2.3.9=releaseRuntimeClasspath
com.google.errorprone:error_prone_annotations:2.28.0=releaseRuntimeClasspath
com.google.firebase:firebase-annotations:17.0.0=releaseRuntimeClasspath
com.google.firebase:firebase-common:22.0.1=releaseRuntimeClasspath
com.google.firebase:firebase-components:19.0.0=releaseRuntimeClasspath
com.google.firebase:firebase-datatransport:18.2.0=releaseRuntimeClasspath
com.google.firebase:firebase-encoders-json:18.0.0=releaseRuntimeClasspath
com.google.firebase:firebase-encoders-proto:16.0.0=releaseRuntimeClasspath
com.google.firebase:firebase-encoders:17.0.0=releaseRuntimeClasspath
com.google.firebase:firebase-iid-interop:17.1.0=releaseRuntimeClasspath
com.google.firebase:firebase-installations-interop:17.1.1=releaseRuntimeClasspath
com.google.firebase:firebase-installations:18.0.0=releaseRuntimeClasspath
com.google.firebase:firebase-measurement-connector:19.0.0=releaseRuntimeClasspath
com.google.firebase:firebase-messaging:25.0.1=releaseRuntimeClasspath
com.google.guava:failureaccess:1.0.2=releaseRuntimeClasspath
com.google.guava:guava:33.3.1-android=releaseRuntimeClasspath
com.google.guava:listenablefuture:9999.0-empty-to-avoid-conflict-with-guava=releaseRuntimeClasspath
com.google.j2objc:j2objc-annotations:3.0.0=releaseRuntimeClasspath
com.google.mlkit:barcode-scanning-common:17.0.0=releaseRuntimeClasspath
com.google.mlkit:barcode-scanning:17.3.0=releaseRuntimeClasspath
com.google.mlkit:common:18.11.0=releaseRuntimeClasspath
com.google.mlkit:vision-common:17.3.0=releaseRuntimeClasspath
com.google.mlkit:vision-interfaces:16.3.0=releaseRuntimeClasspath
com.googlecode.libphonenumber:libphonenumber:9.0.34=releaseRuntimeClasspath
com.materialkolor:material-color-utilities-android:4.1.1=releaseRuntimeClasspath
com.materialkolor:material-color-utilities:4.1.1=releaseRuntimeClasspath
com.materialkolor:material-kolor-android:4.1.1=releaseRuntimeClasspath
com.materialkolor:material-kolor:4.1.1=releaseRuntimeClasspath
com.parse.bolts:bolts-tasks:1.4.0=releaseRuntimeClasspath
com.squareup.okhttp3:logging-interceptor:5.4.0=releaseRuntimeClasspath
com.squareup.okhttp3:okhttp-urlconnection:4.9.2=releaseRuntimeClasspath
com.squareup.okhttp3:okhttp:4.9.2=releaseRuntimeClasspath
com.squareup.okio:okio-jvm:3.17.0=releaseRuntimeClasspath
com.squareup.okio:okio:3.17.0=releaseRuntimeClasspath
com.squareup.retrofit2:converter-kotlinx-serialization:3.0.0=releaseRuntimeClasspath
com.squareup.retrofit2:retrofit:3.0.0=releaseRuntimeClasspath
com.squareup.zstd:zstd-kmp-android:0.4.0=releaseRuntimeClasspath
com.squareup.zstd:zstd-kmp-okio-android:0.4.0=releaseRuntimeClasspath
com.squareup.zstd:zstd-kmp-okio:0.4.0=releaseRuntimeClasspath
com.squareup.zstd:zstd-kmp:0.4.0=releaseRuntimeClasspath
com.vanniktech:android-image-cropper:4.7.0=releaseRuntimeClasspath
commons-codec:commons-codec:1.10=releaseRuntimeClasspath
commons-io:commons-io:1.4=releaseRuntimeClasspath
dev.drewhamilton.poko:poko-annotations-jvm:0.21.1=releaseRuntimeClasspath
dev.drewhamilton.poko:poko-annotations:0.21.1=releaseRuntimeClasspath
expo.modules.asset:expo.modules.asset:57.0.3=releaseRuntimeClasspath
expo.modules.image:expo.modules.image:57.0.1=releaseRuntimeClasspath
expo.modules.router:expo.modules.router:57.0.4=releaseRuntimeClasspath
expo.modules.ui:expo.modules.ui:57.0.4=releaseRuntimeClasspath
expo.modules.webview:expo.modules.webview:57.0.0=releaseRuntimeClasspath
host.exp.exponent:expo.modules.application:57.0.2=releaseRuntimeClasspath
host.exp.exponent:expo.modules.camera:57.0.2=releaseRuntimeClasspath
host.exp.exponent:expo.modules.crypto:57.0.1=releaseRuntimeClasspath
host.exp.exponent:expo.modules.device:57.0.1=releaseRuntimeClasspath
host.exp.exponent:expo.modules.filesystem:57.0.0=releaseRuntimeClasspath
host.exp.exponent:expo.modules.font:57.0.1=releaseRuntimeClasspath
host.exp.exponent:expo.modules.haptics:57.0.1=releaseRuntimeClasspath
host.exp.exponent:expo.modules.imageloader:57.0.1=releaseRuntimeClasspath
host.exp.exponent:expo.modules.imagepicker:57.0.4=releaseRuntimeClasspath
host.exp.exponent:expo.modules.keepawake:57.0.0=releaseRuntimeClasspath
host.exp.exponent:expo.modules.linking:57.0.2=releaseRuntimeClasspath
host.exp.exponent:expo.modules.localauthentication:57.0.2=releaseRuntimeClasspath
host.exp.exponent:expo.modules.location:57.0.4=releaseRuntimeClasspath
host.exp.exponent:expo.modules.notifications:57.0.5=releaseRuntimeClasspath
host.exp.exponent:expo.modules.securestore:57.0.0=releaseRuntimeClasspath
host.exp.exponent:expo.modules.splashscreen:57.0.2=releaseRuntimeClasspath
host.exp.exponent:expo.modules.statusbar:57.0.0=releaseRuntimeClasspath
host.exp.exponent:expo.modules.systemui:57.0.0=releaseRuntimeClasspath
host.exp.exponent:expo.modules.webbrowser:57.0.1=releaseRuntimeClasspath
io.coil-kt.coil3:coil-android:3.5.0=releaseRuntimeClasspath
io.coil-kt.coil3:coil-compose-android:3.5.0=releaseRuntimeClasspath
io.coil-kt.coil3:coil-compose-core-android:3.5.0=releaseRuntimeClasspath
io.coil-kt.coil3:coil-compose-core:3.5.0=releaseRuntimeClasspath
io.coil-kt.coil3:coil-compose:3.5.0=releaseRuntimeClasspath
io.coil-kt.coil3:coil-core-android:3.5.0=releaseRuntimeClasspath
io.coil-kt.coil3:coil-core:3.5.0=releaseRuntimeClasspath
io.coil-kt.coil3:coil-network-core-android:3.5.0=releaseRuntimeClasspath
io.coil-kt.coil3:coil-network-core:3.5.0=releaseRuntimeClasspath
io.coil-kt.coil3:coil-network-okhttp-android:3.5.0=releaseRuntimeClasspath
io.coil-kt.coil3:coil-network-okhttp:3.5.0=releaseRuntimeClasspath
io.coil-kt.coil3:coil:3.5.0=releaseRuntimeClasspath
io.github.lukmccall.pika:pika-api:0.3.2=releaseRuntimeClasspath
io.ktor:ktor-client-content-negotiation-jvm:3.5.0=releaseRuntimeClasspath
io.ktor:ktor-client-content-negotiation:3.5.0=releaseRuntimeClasspath
io.ktor:ktor-client-core-jvm:3.5.0=releaseRuntimeClasspath
io.ktor:ktor-client-core:3.5.0=releaseRuntimeClasspath
io.ktor:ktor-client-okhttp-jvm:3.5.0=releaseRuntimeClasspath
io.ktor:ktor-client-okhttp:3.5.0=releaseRuntimeClasspath
io.ktor:ktor-events-jvm:3.5.0=releaseRuntimeClasspath
io.ktor:ktor-events:3.5.0=releaseRuntimeClasspath
io.ktor:ktor-http-cio-jvm:3.5.0=releaseRuntimeClasspath
io.ktor:ktor-http-cio:3.5.0=releaseRuntimeClasspath
io.ktor:ktor-http-jvm:3.5.0=releaseRuntimeClasspath
io.ktor:ktor-http:3.5.0=releaseRuntimeClasspath
io.ktor:ktor-io-jvm:3.5.0=releaseRuntimeClasspath
io.ktor:ktor-io:3.5.0=releaseRuntimeClasspath
io.ktor:ktor-network-jvm:3.5.0=releaseRuntimeClasspath
io.ktor:ktor-network:3.5.0=releaseRuntimeClasspath
io.ktor:ktor-serialization-jvm:3.5.0=releaseRuntimeClasspath
io.ktor:ktor-serialization-kotlinx-json-jvm:3.5.0=releaseRuntimeClasspath
io.ktor:ktor-serialization-kotlinx-json:3.5.0=releaseRuntimeClasspath
io.ktor:ktor-serialization-kotlinx-jvm:3.5.0=releaseRuntimeClasspath
io.ktor:ktor-serialization-kotlinx:3.5.0=releaseRuntimeClasspath
io.ktor:ktor-serialization:3.5.0=releaseRuntimeClasspath
io.ktor:ktor-sse-jvm:3.5.0=releaseRuntimeClasspath
io.ktor:ktor-sse:3.5.0=releaseRuntimeClasspath
io.ktor:ktor-utils-jvm:3.5.0=releaseRuntimeClasspath
io.ktor:ktor-utils:3.5.0=releaseRuntimeClasspath
io.ktor:ktor-websocket-serialization-jvm:3.5.0=releaseRuntimeClasspath
io.ktor:ktor-websocket-serialization:3.5.0=releaseRuntimeClasspath
io.ktor:ktor-websockets-jvm:3.5.0=releaseRuntimeClasspath
io.ktor:ktor-websockets:3.5.0=releaseRuntimeClasspath
jakarta.inject:jakarta.inject-api:2.0.1=releaseRuntimeClasspath
javax.inject:javax.inject:1=releaseRuntimeClasspath
jp.wasabeef:glide-transformations:4.3.0=releaseRuntimeClasspath
me.leolin:ShortcutBadger:1.1.22=releaseRuntimeClasspath
org.aomedia.avif.android:avif:1.1.1.14d8e3c4=releaseRuntimeClasspath
org.bouncycastle:bcprov-jdk15to18:1.81=releaseRuntimeClasspath
org.bouncycastle:bcutil-jdk15to18:1.81=releaseRuntimeClasspath
org.brotli:dec:0.1.2=releaseRuntimeClasspath
org.checkerframework:checker-qual:3.43.0=releaseRuntimeClasspath
org.jetbrains.androidx.lifecycle:lifecycle-common:2.9.6=releaseRuntimeClasspath
org.jetbrains.androidx.lifecycle:lifecycle-runtime-compose:2.9.6=releaseRuntimeClasspath
org.jetbrains.androidx.lifecycle:lifecycle-runtime:2.9.6=releaseRuntimeClasspath
org.jetbrains.androidx.lifecycle:lifecycle-viewmodel-savedstate:2.9.6=releaseRuntimeClasspath
org.jetbrains.androidx.lifecycle:lifecycle-viewmodel:2.9.6=releaseRuntimeClasspath
org.jetbrains.androidx.savedstate:savedstate-compose:1.3.6=releaseRuntimeClasspath
org.jetbrains.androidx.savedstate:savedstate:1.3.6=releaseRuntimeClasspath
org.jetbrains.compose.animation:animation-core:1.11.1=releaseRuntimeClasspath
org.jetbrains.compose.animation:animation:1.11.1=releaseRuntimeClasspath
org.jetbrains.compose.annotation-internal:annotation:1.9.3=releaseRuntimeClasspath
org.jetbrains.compose.collection-internal:collection:1.9.3=releaseRuntimeClasspath
org.jetbrains.compose.foundation:foundation-layout:1.11.1=releaseRuntimeClasspath
org.jetbrains.compose.foundation:foundation:1.11.1=releaseRuntimeClasspath
org.jetbrains.compose.material3:material3:1.10.0-alpha05=releaseRuntimeClasspath
org.jetbrains.compose.material:material-icons-core:1.7.3=releaseRuntimeClasspath
org.jetbrains.compose.material:material-ripple:1.9.3=releaseRuntimeClasspath
org.jetbrains.compose.runtime:runtime-saveable:1.11.1=releaseRuntimeClasspath
org.jetbrains.compose.runtime:runtime:1.11.1=releaseRuntimeClasspath
org.jetbrains.compose.ui:ui-backhandler-android:1.9.3=releaseRuntimeClasspath
org.jetbrains.compose.ui:ui-backhandler:1.9.3=releaseRuntimeClasspath
org.jetbrains.compose.ui:ui-geometry:1.11.1=releaseRuntimeClasspath
org.jetbrains.compose.ui:ui-graphics:1.11.1=releaseRuntimeClasspath
org.jetbrains.compose.ui:ui-text:1.11.1=releaseRuntimeClasspath
org.jetbrains.compose.ui:ui-unit:1.11.1=releaseRuntimeClasspath
org.jetbrains.compose.ui:ui-util:1.11.1=releaseRuntimeClasspath
org.jetbrains.compose.ui:ui:1.11.1=releaseRuntimeClasspath
org.jetbrains.kotlin:kotlin-android-extensions-runtime:2.1.20=releaseRuntimeClasspath
org.jetbrains.kotlin:kotlin-annotations-jvm:1.3.72=releaseRuntimeClasspath
org.jetbrains.kotlin:kotlin-bom:1.8.22=releaseRuntimeClasspath
org.jetbrains.kotlin:kotlin-parcelize-runtime:2.1.20=releaseRuntimeClasspath
org.jetbrains.kotlin:kotlin-reflect:2.1.20=releaseRuntimeClasspath
org.jetbrains.kotlin:kotlin-stdlib-common:2.2.20=releaseRuntimeClasspath
org.jetbrains.kotlin:kotlin-stdlib-jdk7:2.1.20=releaseRuntimeClasspath
org.jetbrains.kotlin:kotlin-stdlib-jdk8:1.8.22=releaseRuntimeClasspath
org.jetbrains.kotlin:kotlin-stdlib:2.2.20=releaseRuntimeClasspath
org.jetbrains.kotlinx:atomicfu-jvm:0.28.0=releaseRuntimeClasspath
org.jetbrains.kotlinx:atomicfu:0.28.0=releaseRuntimeClasspath
org.jetbrains.kotlinx:kotlinx-collections-immutable-jvm:0.5.1=releaseRuntimeClasspath
org.jetbrains.kotlinx:kotlinx-collections-immutable:0.5.1=releaseRuntimeClasspath
org.jetbrains.kotlinx:kotlinx-coroutines-android:1.11.0=releaseRuntimeClasspath
org.jetbrains.kotlinx:kotlinx-coroutines-bom:1.11.0=releaseRuntimeClasspath
org.jetbrains.kotlinx:kotlinx-coroutines-core-jvm:1.11.0=releaseRuntimeClasspath
org.jetbrains.kotlinx:kotlinx-coroutines-core:1.11.0=releaseRuntimeClasspath
org.jetbrains.kotlinx:kotlinx-coroutines-play-services:1.11.0=releaseRuntimeClasspath
org.jetbrains.kotlinx:kotlinx-coroutines-slf4j:1.11.0=releaseRuntimeClasspath
org.jetbrains.kotlinx:kotlinx-datetime-jvm:0.8.0-0.6.x-compat=releaseRuntimeClasspath
org.jetbrains.kotlinx:kotlinx-datetime:0.8.0-0.6.x-compat=releaseRuntimeClasspath
org.jetbrains.kotlinx:kotlinx-io-bytestring-jvm:0.9.0=releaseRuntimeClasspath
org.jetbrains.kotlinx:kotlinx-io-bytestring:0.9.0=releaseRuntimeClasspath
org.jetbrains.kotlinx:kotlinx-io-core-jvm:0.9.0=releaseRuntimeClasspath
org.jetbrains.kotlinx:kotlinx-io-core:0.9.0=releaseRuntimeClasspath
org.jetbrains.kotlinx:kotlinx-serialization-bom:1.11.0=releaseRuntimeClasspath
org.jetbrains.kotlinx:kotlinx-serialization-core-jvm:1.11.0=releaseRuntimeClasspath
org.jetbrains.kotlinx:kotlinx-serialization-core:1.11.0=releaseRuntimeClasspath
org.jetbrains.kotlinx:kotlinx-serialization-json-io-jvm:1.11.0=releaseRuntimeClasspath
org.jetbrains.kotlinx:kotlinx-serialization-json-io:1.11.0=releaseRuntimeClasspath
org.jetbrains.kotlinx:kotlinx-serialization-json-jvm:1.11.0=releaseRuntimeClasspath
org.jetbrains.kotlinx:kotlinx-serialization-json:1.11.0=releaseRuntimeClasspath
org.jetbrains:annotations:23.0.0=releaseRuntimeClasspath
org.jspecify:jspecify:1.0.0=releaseRuntimeClasspath
org.slf4j:slf4j-api:2.0.18=releaseRuntimeClasspath
empty=
